
Microsoft Visual Studio Solution File, Format Version 10.00
# Visual Studio 2008
Project("{FAE04EC0-301F-11D3-BF4B-00C04F79EFBC}") = "LunmenWorks.Framework.IO", "LunmenWorks.Framework.IO.csproj", "{E3B83D68-C90C-4874-8E5F-DEC8D038BC7C}"
EndProject
Project("{FAE04EC0-301F-11D3-BF4B-00C04F79EFBC}") = "CsvReaderDemo", "..\CsvReaderDemo\CsvReaderDemo.csproj", "{A5F604EE-0F0A-4A3F-B947-1EB1D2BDAA33}"
EndProject
Project("{FAE04EC0-301F-11D3-BF4B-00C04F79EFBC}") = "LumenWorks.Framework.Tests.Unit", "..\LumenWorks.Framework.Tests.Unit\LumenWorks.Framework.Tests.Unit.csproj", "{DBF22390-41BC-4E33-BC9E-F381621EBF01}"
EndProject
Project("{FAE04EC0-301F-11D3-BF4B-00C04F79EFBC}") = "CsvReaderBenchmarks", "..\CsvReaderBenchmarks\CsvReaderBenchmarks.csproj", "{6BA5C01B-2F49-4432-8FCA-A3B1ADC6AFDA}"
EndProject
Project("{FAE04EC0-301F-11D3-BF4B-00C04F79EFBC}") = "DataApp", "..\app\DataApp.csproj", "{A3FBF01A-E4C3-4C87-A175-EF014450C0EC}"
EndProject
Project("{FAE04EC0-301F-11D3-BF4B-00C04F79EFBC}") = "DataLibrary", "..\Datalibrary\DataLibrary.csproj", "{4E66F7B2-B9D6-4E08-B9DD-0350231B4637}"
EndProject
Global
	GlobalSection(SolutionConfigurationPlatforms) = preSolution
		Debug|Any CPU = Debug|Any CPU
		Release|Any CPU = Release|Any CPU
	EndGlobalSection
	GlobalSection(ProjectConfigurationPlatforms) = postSolution
		{E3B83D68-C90C-4874-8E5F-DEC8D038BC7C}.Debug|Any CPU.ActiveCfg = Debug|Any CPU
		{E3B83D68-C90C-4874-8E5F-DEC8D038BC7C}.Debug|Any CPU.Build.0 = Debug|Any CPU
		{E3B83D68-C90C-4874-8E5F-DEC8D038BC7C}.Release|Any CPU.ActiveCfg = Release|Any CPU
		{E3B83D68-C90C-4874-8E5F-DEC8D038BC7C}.Release|Any CPU.Build.0 = Release|Any CPU
		{A5F604EE-0F0A-4A3F-B947-1EB1D2BDAA33}.Debug|Any CPU.ActiveCfg = Debug|Any CPU
		{A5F604EE-0F0A-4A3F-B947-1EB1D2BDAA33}.Debug|Any CPU.Build.0 = Debug|Any CPU
		{A5F604EE-0F0A-4A3F-B947-1EB1D2BDAA33}.Release|Any CPU.ActiveCfg = Release|Any CPU
		{A5F604EE-0F0A-4A3F-B947-1EB1D2BDAA33}.Release|Any CPU.Build.0 = Release|Any CPU
		{DBF22390-41BC-4E33-BC9E-F381621EBF01}.Debug|Any CPU.ActiveCfg = Debug|Any CPU
		{DBF22390-41BC-4E33-BC9E-F381621EBF01}.Debug|Any CPU.Build.0 = Debug|Any CPU
		{DBF22390-41BC-4E33-BC9E-F381621EBF01}.Release|Any CPU.ActiveCfg = Release|Any CPU
		{DBF22390-41BC-4E33-BC9E-F381621EBF01}.Release|Any CPU.Build.0 = Release|Any CPU
		{6BA5C01B-2F49-4432-8FCA-A3B1ADC6AFDA}.Debug|Any CPU.ActiveCfg = Debug|Any CPU
		{6BA5C01B-2F49-4432-8FCA-A3B1ADC6AFDA}.Debug|Any CPU.Build.0 = Debug|Any CPU
		{6BA5C01B-2F49-4432-8FCA-A3B1ADC6AFDA}.Release|Any CPU.ActiveCfg = Release|Any CPU
		{6BA5C01B-2F49-4432-8FCA-A3B1ADC6AFDA}.Release|Any CPU.Build.0 = Release|Any CPU
		{A3FBF01A-E4C3-4C87-A175-EF014450C0EC}.Debug|Any CPU.ActiveCfg = Debug|Any CPU
		{A3FBF01A-E4C3-4C87-A175-EF014450C0EC}.Debug|Any CPU.Build.0 = Debug|Any CPU
		{A3FBF01A-E4C3-4C87-A175-EF014450C0EC}.Release|Any CPU.ActiveCfg = Release|Any CPU
		{A3FBF01A-E4C3-4C87-A175-EF014450C0EC}.Release|Any CPU.Build.0 = Release|Any CPU
		{4E66F7B2-B9D6-4E08-B9DD-0350231B4637}.Debug|Any CPU.ActiveCfg = Debug|Any CPU
		{4E66F7B2-B9D6-4E08-B9DD-0350231B4637}.Debug|Any CPU.Build.0 = Debug|Any CPU
		{4E66F7B2-B9D6-4E08-B9DD-0350231B4637}.Release|Any CPU.ActiveCfg = Release|Any CPU
		{4E66F7B2-B9D6-4E08-B9DD-0350231B4637}.Release|Any CPU.Build.0 = Release|Any CPU
	EndGlobalSection
	GlobalSection(SolutionProperties) = preSolution
		HideSolutionNode = FALSE
	EndGlobalSection
EndGlobal
